// !$*UTF8*$!
{
	archiveVersion = 1;
	classes = {
	};
	objectVersion = 50;
	objects = {

/* Begin PBXBuildFile section */
		8396ACF625ECD3CB00A7D550 /* AppDelegate.m in Sources */ = {isa = PBXBuildFile; fileRef = 8396ACF525ECD3CB00A7D550 /* AppDelegate.m */; };
		8396ACF925ECD3CB00A7D550 /* SceneDelegate.m in Sources */ = {isa = PBXBuildFile; fileRef = 8396ACF825ECD3CB00A7D550 /* SceneDelegate.m */; };
		8396ACFC25ECD3CB00A7D550 /* ViewController.mm in Sources */ = {isa = PBXBuildFile; fileRef = 8396ACFB25ECD3CB00A7D550 /* ViewController.mm */; };
		8396ACFF25ECD3CB00A7D550 /* Main.storyboard in Resources */ = {isa = PBXBuildFile; fileRef = 8396ACFD25ECD3CB00A7D550 /* Main.storyboard */; };
		8396AD0125ECD3CB00A7D550 /* Assets.xcassets in Resources */ = {isa = PBXBuildFile; fileRef = 8396AD0025ECD3CB00A7D550 /* Assets.xcassets */; };
		8396AD0425ECD3CB00A7D550 /* LaunchScreen.storyboard in Resources */ = {isa = PBXBuildFile; fileRef = 8396AD0225ECD3CB00A7D550 /* LaunchScreen.storyboard */; };
		8396AD0725ECD3CB00A7D550 /* main.m in Sources */ = {isa = PBXBuildFile; fileRef = 8396AD0625ECD3CB00A7D550 /* main.m */; };
		8396AD1D25ECD46900A7D550 /* libNET_static.a in Frameworks */ = {isa = PBXBuildFile; fileRef = 8396AD1C25ECD46900A7D550 /* libNET_static.a */; };
/* End PBXBuildFile section */

/* Begin PBXFileReference section */
		8396ACF125ECD3CB00A7D550 /* teste.app */ = {isa = PBXFileReference; explicitFileType = wrapper.application; includeInIndex = 0; path = teste.app; sourceTree = BUILT_PRODUCTS_DIR; };
		8396ACF425ECD3CB00A7D550 /* AppDelegate.h */ = {isa = PBXFileReference; lastKnownFileType = sourcecode.c.h; path = AppDelegate.h; sourceTree = "<group>"; };
		8396ACF525ECD3CB00A7D550 /* AppDelegate.m */ = {isa = PBXFileReference; lastKnownFileType = sourcecode.c.objc; path = AppDelegate.m; sourceTree = "<group>"; };
		8396ACF725ECD3CB00A7D550 /* SceneDelegate.h */ = {isa = PBXFileReference; lastKnownFileType = sourcecode.c.h; path = SceneDelegate.h; sourceTree = "<group>"; };
		8396ACF825ECD3CB00A7D550 /* SceneDelegate.m */ = {isa = PBXFileReference; lastKnownFileType = sourcecode.c.objc; path = SceneDelegate.m; sourceTree = "<group>"; };
		8396ACFA25ECD3CB00A7D550 /* ViewController.h */ = {isa = PBXFileReference; lastKnownFileType = sourcecode.c.h; path = ViewController.h; sourceTree = "<group>"; };
		8396ACFB25ECD3CB00A7D550 /* ViewController.mm */ = {isa = PBXFileReference; lastKnownFileType = sourcecode.cpp.objcpp; path = ViewController.mm; sourceTree = "<group>"; };
		8396ACFE25ECD3CB00A7D550 /* Base */ = {isa = PBXFileReference; lastKnownFileType = file.storyboard; name = Base; path = Base.lproj/Main.storyboard; sourceTree = "<group>"; };
		8396AD0025ECD3CB00A7D550 /* Assets.xcassets */ = {isa = PBXFileReference; lastKnownFileType = folder.assetcatalog; path = Assets.xcassets; sourceTree = "<group>"; };
		8396AD0325ECD3CB00A7D550 /* Base */ = {isa = PBXFileReference; lastKnownFileType = file.storyboard; name = Base; path = Base.lproj/LaunchScreen.storyboard; sourceTree = "<group>"; };
		8396AD0525ECD3CB00A7D550 /* Info.plist */ = {isa = PBXFileReference; lastKnownFileType = text.plist.xml; path = Info.plist; sourceTree = "<group>"; };
		8396AD0625ECD3CB00A7D550 /* main.m */ = {isa = PBXFileReference; lastKnownFileType = sourcecode.c.objc; path = main.m; sourceTree = "<group>"; };
		8396AD1625ECD3E400A7D550 /* libNET_static.a */ = {isa = PBXFileReference; explicitFileType = archive.ar; path = libNET_static.a; sourceTree = BUILT_PRODUCTS_DIR; };
		8396AD1C25ECD46900A7D550 /* libNET_static.a */ = {isa = PBXFileReference; explicitFileType = archive.ar; path = libNET_static.a; sourceTree = BUILT_PRODUCTS_DIR; };
/* End PBXFileReference section */

/* Begin PBXFrameworksBuildPhase section */
		8396ACEE25ECD3CB00A7D550 /* Frameworks */ = {
			isa = PBXFrameworksBuildPhase;
			buildActionMask = 2147483647;
			files = (
				8396AD1D25ECD46900A7D550 /* libNET_static.a in Frameworks */,
			);
			runOnlyForDeploymentPostprocessing = 0;
		};
/* End PBXFrameworksBuildPhase section */

/* Begin PBXGroup section */
		8396ACE825ECD3CA00A7D550 = {
			isa = PBXGroup;
			children = (
				8396ACF325ECD3CB00A7D550 /* teste */,
				8396ACF225ECD3CB00A7D550 /* Products */,
				8396AD1525ECD3E400A7D550 /* Frameworks */,
			);
			sourceTree = "<group>";
		};
		8396ACF225ECD3CB00A7D550 /* Products */ = {
			isa = PBXGroup;
			children = (
				8396ACF125ECD3CB00A7D550 /* teste.app */,
			);
			name = Products;
			sourceTree = "<group>";
		};
		8396ACF325ECD3CB00A7D550 /* teste */ = {
			isa = PBXGroup;
			children = (
				8396ACF425ECD3CB00A7D550 /* AppDelegate.h */,
				8396ACF525ECD3CB00A7D550 /* AppDelegate.m */,
				8396ACF725ECD3CB00A7D550 /* SceneDelegate.h */,
				8396ACF825ECD3CB00A7D550 /* SceneDelegate.m */,
				8396ACFA25ECD3CB00A7D550 /* ViewController.h */,
				8396ACFB25ECD3CB00A7D550 /* ViewController.mm */,
				8396ACFD25ECD3CB00A7D550 /* Main.storyboard */,
				8396AD0025ECD3CB00A7D550 /* Assets.xcassets */,
				8396AD0225ECD3CB00A7D550 /* LaunchScreen.storyboard */,
				8396AD0525ECD3CB00A7D550 /* Info.plist */,
				8396AD0625ECD3CB00A7D550 /* main.m */,
			);
			path = teste;
			sourceTree = "<group>";
		};
		8396AD1525ECD3E400A7D550 /* Frameworks */ = {
			isa = PBXGroup;
			children = (
				8396AD1C25ECD46900A7D550 /* libNET_static.a */,
				8396AD1625ECD3E400A7D550 /* libNET_static.a */,
			);
			name = Frameworks;
			sourceTree = "<group>";
		};
/* End PBXGroup section */

/* Begin PBXNativeTarget section */
		8396ACF025ECD3CB00A7D550 /* teste */ = {
			isa = PBXNativeTarget;
			buildConfigurationList = 8396AD0A25ECD3CB00A7D550 /* Build configuration list for PBXNativeTarget "teste" */;
			buildPhases = (
				8396ACED25ECD3CB00A7D550 /* Sources */,
				8396ACEE25ECD3CB00A7D550 /* Frameworks */,
				8396ACEF25ECD3CB00A7D550 /* Resources */,
			);
			buildRules = (
			);
			dependencies = (
			);
			name = teste;
			productName = teste;
			productReference = 8396ACF125ECD3CB00A7D550 /* teste.app */;
			productType = "com.apple.product-type.application";
		};
/* End PBXNativeTarget section */

/* Begin PBXProject section */
		8396ACE925ECD3CA00A7D550 /* Project object */ = {
			isa = PBXProject;
			attributes = {
				LastUpgradeCheck = 1200;
				TargetAttributes = {
					8396ACF025ECD3CB00A7D550 = {
						CreatedOnToolsVersion = 12.0.1;
					};
				};
			};
			buildConfigurationList = 8396ACEC25ECD3CA00A7D550 /* Build configuration list for PBXProject "teste" */;
			compatibilityVersion = "Xcode 9.3";
			developmentRegion = en;
			hasScannedForEncodings = 0;
			knownRegions = (
				en,
				Base,
			);
			mainGroup = 8396ACE825ECD3CA00A7D550;
			productRefGroup = 8396ACF225ECD3CB00A7D550 /* Products */;
			projectDirPath = "";
			projectRoot = "";
			targets = (
				8396ACF025ECD3CB00A7D550 /* teste */,
			);
		};
/* End PBXProject section */

/* Begin PBXResourcesBuildPhase section */
		8396ACEF25ECD3CB00A7D550 /* Resources */ = {
			isa = PBXResourcesBuildPhase;
			buildActionMask = 2147483647;
			files = (
				8396AD0425ECD3CB00A7D550 /* LaunchScreen.storyboard in Resources */,
				8396AD0125ECD3CB00A7D550 /* Assets.xcassets in Resources */,
				8396ACFF25ECD3CB00A7D550 /* Main.storyboard in Resources */,
			);
			runOnlyForDeploymentPostprocessing = 0;
		};
/* End PBXResourcesBuildPhase section */

/* Begin PBXSourcesBuildPhase section */
		8396ACED25ECD3CB00A7D550 /* Sources */ = {
			isa = PBXSourcesBuildPhase;
			buildActionMask = 2147483647;
			files = (
				8396ACFC25ECD3CB00A7D550 /* ViewController.mm in Sources */,
				8396ACF625ECD3CB00A7D550 /* AppDelegate.m in Sources */,
				8396AD0725ECD3CB00A7D550 /* main.m in Sources */,
				8396ACF925ECD3CB00A7D550 /* SceneDelegate.m in Sources */,
			);
			runOnlyForDeploymentPostprocessing = 0;
		};
/* End PBXSourcesBuildPhase section */

/* Begin PBXVariantGroup section */
		8396ACFD25ECD3CB00A7D550 /* Main.storyboard */ = {
			isa = PBXVariantGroup;
			children = (
				8396ACFE25ECD3CB00A7D550 /* Base */,
			);
			name = Main.storyboard;
			sourceTree = "<group>";
		};
		8396AD0225ECD3CB00A7D550 /* LaunchScreen.storyboard */ = {
			isa = PBXVariantGroup;
			children = (
				8396AD0325ECD3CB00A7D550 /* Base */,
			);
			name = LaunchScreen.storyboard;
			sourceTree = "<group>";
		};
/* End PBXVariantGroup section */

/* Begin XCBuildConfiguration section */
		8396AD0825ECD3CB00A7D550 /* Debug */ = {
			isa = XCBuildConfiguration;
			buildSettings = {
				ALWAYS_SEARCH_USER_PATHS = NO;
				CLANG_ANALYZER_NONNULL = YES;
				CLANG_ANALYZER_NUMBER_OBJECT_CONVERSION = YES_AGGRESSIVE;
				CLANG_CXX_LANGUAGE_STANDARD = "gnu++14";
				CLANG_CXX_LIBRARY = "libc++";
				CLANG_ENABLE_MODULES = YES;
				CLANG_ENABLE_OBJC_ARC = YES;
				CLANG_ENABLE_OBJC_WEAK = YES;
				CLANG_WARN_BLOCK_CAPTURE_AUTORELEASING = YES;
				CLANG_WARN_BOOL_CONVERSION = YES;
				CLANG_WARN_COMMA = YES;
				CLANG_WARN_CONSTANT_CONVERSION = YES;
				CLANG_WARN_DEPRECATED_OBJC_IMPLEMENTATIONS = YES;
				CLANG_WARN_DIRECT_OBJC_ISA_USAGE = YES_ERROR;
				CLANG_WARN_DOCUMENTATION_COMMENTS = YES;
				CLANG_WARN_EMPTY_BODY = YES;
				CLANG_WARN_ENUM_CONVERSION = YES;
				CLANG_WARN_INFINITE_RECURSION = YES;
				CLANG_WARN_INT_CONVERSION = YES;
				CLANG_WARN_NON_LITERAL_NULL_CONVERSION = YES;
				CLANG_WARN_OBJC_IMPLICIT_RETAIN_SELF = YES;
				CLANG_WARN_OBJC_LITERAL_CONVERSION = YES;
				CLANG_WARN_OBJC_ROOT_CLASS = YES_ERROR;
				CLANG_WARN_QUOTED_INCLUDE_IN_FRAMEWORK_HEADER = YES;
				CLANG_WARN_RANGE_LOOP_ANALYSIS = YES;
				CLANG_WARN_STRICT_PROTOTYPES = YES;
				CLANG_WARN_SUSPICIOUS_MOVE = YES;
				CLANG_WARN_UNGUARDED_AVAILABILITY = YES_AGGRESSIVE;
				CLANG_WARN_UNREACHABLE_CODE = YES;
				CLANG_WARN__DUPLICATE_METHOD_MATCH = YES;
				COPY_PHASE_STRIP = NO;
				DEBUG_INFORMATION_FORMAT = dwarf;
				ENABLE_STRICT_OBJC_MSGSEND = YES;
				ENABLE_TESTABILITY = YES;
				GCC_C_LANGUAGE_STANDARD = gnu11;
				GCC_DYNAMIC_NO_PIC = NO;
				GCC_NO_COMMON_BLOCKS = YES;
				GCC_OPTIMIZATION_LEVEL = 0;
				GCC_PREPROCESSOR_DEFINITIONS = (
					"DEBUG=1",
					"$(inherited)",
				);
				GCC_WARN_64_TO_32_BIT_CONVERSION = YES;
				GCC_WARN_ABOUT_RETURN_TYPE = YES_ERROR;
				GCC_WARN_UNDECLARED_SELECTOR = YES;
				GCC_WARN_UNINITIALIZED_AUTOS = YES_AGGRESSIVE;
				GCC_WARN_UNUSED_FUNCTION = YES;
				GCC_WARN_UNUSED_VARIABLE = YES;
				IPHONEOS_DEPLOYMENT_TARGET = 14.0;
				MTL_ENABLE_DEBUG_INFO = INCLUDE_SOURCE;
				MTL_FAST_MATH = YES;
				ONLY_ACTIVE_ARCH = YES;
				SDKROOT = iphoneos;
			};
			name = Debug;
		};
		8396AD0925ECD3CB00A7D550 /* Release */ = {
			isa = XCBuildConfiguration;
			buildSettings = {
				ALWAYS_SEARCH_USER_PATHS = NO;
				CLANG_ANALYZER_NONNULL = YES;
				CLANG_ANALYZER_NUMBER_OBJECT_CONVERSION = YES_AGGRESSIVE;
				CLANG_CXX_LANGUAGE_STANDARD = "gnu++14";
				CLANG_CXX_LIBRARY = "libc++";
				CLANG_ENABLE_MODULES = YES;
				CLANG_ENABLE_OBJC_ARC = YES;
				CLANG_ENABLE_OBJC_WEAK = YES;
				CLANG_WARN_BLOCK_CAPTURE_AUTORELEASING = YES;
				CLANG_WARN_BOOL_CONVERSION = YES;
				CLANG_WARN_COMMA = YES;
				CLANG_WARN_CONSTANT_CONVERSION = YES;
				CLANG_WARN_DEPRECATED_OBJC_IMPLEMENTATIONS = YES;
				CLANG_WARN_DIRECT_OBJC_ISA_USAGE = YES_ERROR;
				CLANG_WARN_DOCUMENTATION_COMMENTS = YES;
				CLANG_WARN_EMPTY_BODY = YES;
				CLANG_WARN_ENUM_CONVERSION = YES;
				CLANG_WARN_INFINITE_RECURSION = YES;
				CLANG_WARN_INT_CONVERSION = YES;
				CLANG_WARN_NON_LITERAL_NULL_CONVERSION = YES;
				CLANG_WARN_OBJC_IMPLICIT_RETAIN_SELF = YES;
				CLANG_WARN_OBJC_LITERAL_CONVERSION = YES;
				CLANG_WARN_OBJC_ROOT_CLASS = YES_ERROR;
				CLANG_WARN_QUOTED_INCLUDE_IN_FRAMEWORK_HEADER = YES;
				CLANG_WARN_RANGE_LOOP_ANALYSIS = YES;
				CLANG_WARN_STRICT_PROTOTYPES = YES;
				CLANG_WARN_SUSPICIOUS_MOVE = YES;
				CLANG_WARN_UNGUARDED_AVAILABILITY = YES_AGGRESSIVE;
				CLANG_WARN_UNREACHABLE_CODE = YES;
				CLANG_WARN__DUPLICATE_METHOD_MATCH = YES;
				COPY_PHASE_STRIP = NO;
				DEBUG_INFORMATION_FORMAT = "dwarf-with-dsym";
				ENABLE_NS_ASSERTIONS = NO;
				ENABLE_STRICT_OBJC_MSGSEND = YES;
				GCC_C_LANGUAGE_STANDARD = gnu11;
				GCC_NO_COMMON_BLOCKS = YES;
				GCC_WARN_64_TO_32_BIT_CONVERSION = YES;
				GCC_WARN_ABOUT_RETURN_TYPE = YES_ERROR;
				GCC_WARN_UNDECLARED_SELECTOR = YES;
				GCC_WARN_UNINITIALIZED_AUTOS = YES_AGGRESSIVE;
				GCC_WARN_UNUSED_FUNCTION = YES;
				GCC_WARN_UNUSED_VARIABLE = YES;
				IPHONEOS_DEPLOYMENT_TARGET = 14.0;
				MTL_ENABLE_DEBUG_INFO = NO;
				MTL_FAST_MATH = YES;
				SDKROOT = iphoneos;
				VALIDATE_PRODUCT = YES;
			};
			name = Release;
		};
		8396AD0B25ECD3CB00A7D550 /* Debug */ = {
			isa = XCBuildConfiguration;
			buildSettings = {
				ASSETCATALOG_COMPILER_APPICON_NAME = AppIcon;
				ASSETCATALOG_COMPILER_GLOBAL_ACCENT_COLOR_NAME = AccentColor;
				CODE_SIGN_STYLE = Automatic;
				HEADER_SEARCH_PATHS = "\"$(SRCROOT)/../NET_static/NET_static\"";
				INFOPLIST_FILE = teste/Info.plist;
				LD_RUNPATH_SEARCH_PATHS = (
					"$(inherited)",
					"@executable_path/Frameworks",
				);
				OTHER_LDFLAGS = "";
				PRODUCT_BUNDLE_IDENTIFIER = com.jiangwei.teste;
				PRODUCT_NAME = "$(TARGET_NAME)";
				TARGETED_DEVICE_FAMILY = "1,2";
			};
			name = Debug;
		};
		8396AD0C25ECD3CB00A7D550 /* Release */ = {
			isa = XCBuildConfiguration;
			buildSettings = {
				ASSETCATALOG_COMPILER_APPICON_NAME = AppIcon;
				ASSETCATALOG_COMPILER_GLOBAL_ACCENT_COLOR_NAME = AccentColor;
				CODE_SIGN_STYLE = Automatic;
				HEADER_SEARCH_PATHS = "\"$(SRCROOT)/../NET_static/NET_static\"";
				INFOPLIST_FILE = teste/Info.plist;
				LD_RUNPATH_SEARCH_PATHS = (
					"$(inherited)",
					"@executable_path/Frameworks",
				);
				OTHER_LDFLAGS = "";
				PRODUCT_BUNDLE_IDENTIFIER = com.jiangwei.teste;
				PRODUCT_NAME = "$(TARGET_NAME)";
				TARGETED_DEVICE_FAMILY = "1,2";
			};
			name = Release;
		};
/* End XCBuildConfiguration section */

/* Begin XCConfigurationList section */
		8396ACEC25ECD3CA00A7D550 /* Build configuration list for PBXProject "teste" */ = {
			isa = XCConfigurationList;
			buildConfigurations = (
				8396AD0825ECD3CB00A7D550 /* Debug */,
				8396AD0925ECD3CB00A7D550 /* Release */,
			);
			defaultConfigurationIsVisible = 0;
			defaultConfigurationName = Release;
		};
		8396AD0A25ECD3CB00A7D550 /* Build configuration list for PBXNativeTarget "teste" */ = {
			isa = XCConfigurationList;
			buildConfigurations = (
				8396AD0B25ECD3CB00A7D550 /* Debug */,
				8396AD0C25ECD3CB00A7D550 /* Release */,
			);
			defaultConfigurationIsVisible = 0;
			defaultConfigurationName = Release;
		};
/* End XCConfigurationList section */
	};
	rootObject = 8396ACE925ECD3CA00A7D550 /* Project object */;
}
