// !$*UTF8*$!
{
	archiveVersion = 1;
	classes = {
	};
	objectVersion = 50;
	objects = {

/* Begin PBXBuildFile section */
		8771FB1D25E687D800261FD7 /* NET_static.h in Headers */ = {isa = PBXBuildFile; fileRef = 8771FB1C25E687D800261FD7 /* NET_static.h */; };
		8771FB1F25E687D800261FD7 /* NET_static.m in Sources */ = {isa = PBXBuildFile; fileRef = 8771FB1E25E687D800261FD7 /* NET_static.m */; };
		8771FB3325E6883D00261FD7 /* OCStatic.h in Headers */ = {isa = PBXBuildFile; fileRef = 8771FB3125E6883D00261FD7 /* OCStatic.h */; };
		8771FB3425E6883D00261FD7 /* OCStatic.m in Sources */ = {isa = PBXBuildFile; fileRef = 8771FB3225E6883D00261FD7 /* OCStatic.m */; };
		8771FB4C25E68DAB00261FD7 /* CPPStatic.cpp in Sources */ = {isa = PBXBuildFile; fileRef = 8771FB4A25E68DAB00261FD7 /* CPPStatic.cpp */; };
		8771FB4D25E68DAB00261FD7 /* CPPStatic.hpp in Headers */ = {isa = PBXBuildFile; fileRef = 8771FB4B25E68DAB00261FD7 /* CPPStatic.hpp */; };
/* End PBXBuildFile section */

/* Begin PBXFileReference section */
		8771FB1925E687D800261FD7 /* libNET_static.a */ = {isa = PBXFileReference; explicitFileType = archive.ar; includeInIndex = 0; path = libNET_static.a; sourceTree = BUILT_PRODUCTS_DIR; };
		8771FB1C25E687D800261FD7 /* NET_static.h */ = {isa = PBXFileReference; lastKnownFileType = sourcecode.c.h; path = NET_static.h; sourceTree = "<group>"; };
		8771FB1E25E687D800261FD7 /* NET_static.m */ = {isa = PBXFileReference; lastKnownFileType = sourcecode.c.objc; path = NET_static.m; sourceTree = "<group>"; };
		8771FB3125E6883D00261FD7 /* OCStatic.h */ = {isa = PBXFileReference; lastKnownFileType = sourcecode.c.h; path = OCStatic.h; sourceTree = "<group>"; };
		8771FB3225E6883D00261FD7 /* OCStatic.m */ = {isa = PBXFileReference; lastKnownFileType = sourcecode.c.objc; path = OCStatic.m; sourceTree = "<group>"; };
		8771FB4A25E68DAB00261FD7 /* CPPStatic.cpp */ = {isa = PBXFileReference; lastKnownFileType = sourcecode.cpp.cpp; path = CPPStatic.cpp; sourceTree = "<group>"; };
		8771FB4B25E68DAB00261FD7 /* CPPStatic.hpp */ = {isa = PBXFileReference; lastKnownFileType = sourcecode.cpp.h; path = CPPStatic.hpp; sourceTree = "<group>"; };
/* End PBXFileReference section */

/* Begin PBXFrameworksBuildPhase section */
		8771FB1725E687D800261FD7 /* Frameworks */ = {
			isa = PBXFrameworksBuildPhase;
			buildActionMask = 2147483647;
			files = (
			);
			runOnlyForDeploymentPostprocessing = 0;
		};
/* End PBXFrameworksBuildPhase section */

/* Begin PBXGroup section */
		8771FB1025E687D800261FD7 = {
			isa = PBXGroup;
			children = (
				8771FB1B25E687D800261FD7 /* NET_static */,
				8771FB1A25E687D800261FD7 /* Products */,
			);
			sourceTree = "<group>";
		};
		8771FB1A25E687D800261FD7 /* Products */ = {
			isa = PBXGroup;
			children = (
				8771FB1925E687D800261FD7 /* libNET_static.a */,
			);
			name = Products;
			sourceTree = "<group>";
		};
		8771FB1B25E687D800261FD7 /* NET_static */ = {
			isa = PBXGroup;
			children = (
				8771FB1C25E687D800261FD7 /* NET_static.h */,
				8771FB1E25E687D800261FD7 /* NET_static.m */,
				8771FB3125E6883D00261FD7 /* OCStatic.h */,
				8771FB3225E6883D00261FD7 /* OCStatic.m */,
				8771FB4A25E68DAB00261FD7 /* CPPStatic.cpp */,
				8771FB4B25E68DAB00261FD7 /* CPPStatic.hpp */,
			);
			path = NET_static;
			sourceTree = "<group>";
		};
/* End PBXGroup section */

/* Begin PBXHeadersBuildPhase section */
		8771FB1525E687D800261FD7 /* Headers */ = {
			isa = PBXHeadersBuildPhase;
			buildActionMask = 2147483647;
			files = (
				8771FB3325E6883D00261FD7 /* OCStatic.h in Headers */,
				8771FB4D25E68DAB00261FD7 /* CPPStatic.hpp in Headers */,
				8771FB1D25E687D800261FD7 /* NET_static.h in Headers */,
			);
			runOnlyForDeploymentPostprocessing = 0;
		};
/* End PBXHeadersBuildPhase section */

/* Begin PBXNativeTarget section */
		8771FB1825E687D800261FD7 /* NET_static */ = {
			isa = PBXNativeTarget;
			buildConfigurationList = 8771FB2225E687D800261FD7 /* Build configuration list for PBXNativeTarget "NET_static" */;
			buildPhases = (
				8771FB1525E687D800261FD7 /* Headers */,
				8771FB1625E687D800261FD7 /* Sources */,
				8771FB1725E687D800261FD7 /* Frameworks */,
			);
			buildRules = (
			);
			dependencies = (
			);
			name = NET_static;
			productName = NET_static;
			productReference = 8771FB1925E687D800261FD7 /* libNET_static.a */;
			productType = "com.apple.product-type.library.static";
		};
/* End PBXNativeTarget section */

/* Begin PBXProject section */
		8771FB1125E687D800261FD7 /* Project object */ = {
			isa = PBXProject;
			attributes = {
				LastUpgradeCheck = 1200;
				TargetAttributes = {
					8771FB1825E687D800261FD7 = {
						CreatedOnToolsVersion = 12.0.1;
					};
				};
			};
			buildConfigurationList = 8771FB1425E687D800261FD7 /* Build configuration list for PBXProject "NET_static" */;
			compatibilityVersion = "Xcode 9.3";
			developmentRegion = en;
			hasScannedForEncodings = 0;
			knownRegions = (
				en,
				Base,
			);
			mainGroup = 8771FB1025E687D800261FD7;
			productRefGroup = 8771FB1A25E687D800261FD7 /* Products */;
			projectDirPath = "";
			projectRoot = "";
			targets = (
				8771FB1825E687D800261FD7 /* NET_static */,
			);
		};
/* End PBXProject section */

/* Begin PBXSourcesBuildPhase section */
		8771FB1625E687D800261FD7 /* Sources */ = {
			isa = PBXSourcesBuildPhase;
			buildActionMask = 2147483647;
			files = (
				8771FB1F25E687D800261FD7 /* NET_static.m in Sources */,
				8771FB4C25E68DAB00261FD7 /* CPPStatic.cpp in Sources */,
				8771FB3425E6883D00261FD7 /* OCStatic.m in Sources */,
			);
			runOnlyForDeploymentPostprocessing = 0;
		};
/* End PBXSourcesBuildPhase section */

/* Begin XCBuildConfiguration section */
		8771FB2025E687D800261FD7 /* Debug */ = {
			isa = XCBuildConfiguration;
			buildSettings = {
				ALWAYS_SEARCH_USER_PATHS = NO;
				CLANG_ANALYZER_NONNULL = YES;
				CLANG_ANALYZER_NUMBER_OBJECT_CONVERSION = YES_AGGRESSIVE;
				CLANG_CXX_LANGUAGE_STANDARD = "gnu++14";
				CLANG_CXX_LIBRARY = "libc++";
				CLANG_ENABLE_MODULES = YES;
				CLANG_ENABLE_OBJC_ARC = YES;
				CLANG_ENABLE_OBJC_WEAK = YES;
				CLANG_WARN_BLOCK_CAPTURE_AUTORELEASING = YES;
				CLANG_WARN_BOOL_CONVERSION = YES;
				CLANG_WARN_COMMA = YES;
				CLANG_WARN_CONSTANT_CONVERSION = YES;
				CLANG_WARN_DEPRECATED_OBJC_IMPLEMENTATIONS = YES;
				CLANG_WARN_DIRECT_OBJC_ISA_USAGE = YES_ERROR;
				CLANG_WARN_DOCUMENTATION_COMMENTS = YES;
				CLANG_WARN_EMPTY_BODY = YES;
				CLANG_WARN_ENUM_CONVERSION = YES;
				CLANG_WARN_INFINITE_RECURSION = YES;
				CLANG_WARN_INT_CONVERSION = YES;
				CLANG_WARN_NON_LITERAL_NULL_CONVERSION = YES;
				CLANG_WARN_OBJC_IMPLICIT_RETAIN_SELF = YES;
				CLANG_WARN_OBJC_LITERAL_CONVERSION = YES;
				CLANG_WARN_OBJC_ROOT_CLASS = YES_ERROR;
				CLANG_WARN_QUOTED_INCLUDE_IN_FRAMEWORK_HEADER = YES;
				CLANG_WARN_RANGE_LOOP_ANALYSIS = YES;
				CLANG_WARN_STRICT_PROTOTYPES = YES;
				CLANG_WARN_SUSPICIOUS_MOVE = YES;
				CLANG_WARN_UNGUARDED_AVAILABILITY = YES_AGGRESSIVE;
				CLANG_WARN_UNREACHABLE_CODE = YES;
				CLANG_WARN__DUPLICATE_METHOD_MATCH = YES;
				COPY_PHASE_STRIP = NO;
				DEBUG_INFORMATION_FORMAT = dwarf;
				ENABLE_STRICT_OBJC_MSGSEND = YES;
				ENABLE_TESTABILITY = YES;
				GCC_C_LANGUAGE_STANDARD = gnu11;
				GCC_DYNAMIC_NO_PIC = NO;
				GCC_NO_COMMON_BLOCKS = YES;
				GCC_OPTIMIZATION_LEVEL = 0;
				GCC_PREPROCESSOR_DEFINITIONS = (
					"DEBUG=1",
					"$(inherited)",
				);
				GCC_WARN_64_TO_32_BIT_CONVERSION = YES;
				GCC_WARN_ABOUT_RETURN_TYPE = YES_ERROR;
				GCC_WARN_UNDECLARED_SELECTOR = YES;
				GCC_WARN_UNINITIALIZED_AUTOS = YES_AGGRESSIVE;
				GCC_WARN_UNUSED_FUNCTION = YES;
				GCC_WARN_UNUSED_VARIABLE = YES;
				MACOSX_DEPLOYMENT_TARGET = 10.15;
				MTL_ENABLE_DEBUG_INFO = INCLUDE_SOURCE;
				MTL_FAST_MATH = YES;
				ONLY_ACTIVE_ARCH = YES;
				SDKROOT = macosx;
			};
			name = Debug;
		};
		8771FB2125E687D800261FD7 /* Release */ = {
			isa = XCBuildConfiguration;
			buildSettings = {
				ALWAYS_SEARCH_USER_PATHS = NO;
				CLANG_ANALYZER_NONNULL = YES;
				CLANG_ANALYZER_NUMBER_OBJECT_CONVERSION = YES_AGGRESSIVE;
				CLANG_CXX_LANGUAGE_STANDARD = "gnu++14";
				CLANG_CXX_LIBRARY = "libc++";
				CLANG_ENABLE_MODULES = YES;
				CLANG_ENABLE_OBJC_ARC = YES;
				CLANG_ENABLE_OBJC_WEAK = YES;
				CLANG_WARN_BLOCK_CAPTURE_AUTORELEASING = YES;
				CLANG_WARN_BOOL_CONVERSION = YES;
				CLANG_WARN_COMMA = YES;
				CLANG_WARN_CONSTANT_CONVERSION = YES;
				CLANG_WARN_DEPRECATED_OBJC_IMPLEMENTATIONS = YES;
				CLANG_WARN_DIRECT_OBJC_ISA_USAGE = YES_ERROR;
				CLANG_WARN_DOCUMENTATION_COMMENTS = YES;
				CLANG_WARN_EMPTY_BODY = YES;
				CLANG_WARN_ENUM_CONVERSION = YES;
				CLANG_WARN_INFINITE_RECURSION = YES;
				CLANG_WARN_INT_CONVERSION = YES;
				CLANG_WARN_NON_LITERAL_NULL_CONVERSION = YES;
				CLANG_WARN_OBJC_IMPLICIT_RETAIN_SELF = YES;
				CLANG_WARN_OBJC_LITERAL_CONVERSION = YES;
				CLANG_WARN_OBJC_ROOT_CLASS = YES_ERROR;
				CLANG_WARN_QUOTED_INCLUDE_IN_FRAMEWORK_HEADER = YES;
				CLANG_WARN_RANGE_LOOP_ANALYSIS = YES;
				CLANG_WARN_STRICT_PROTOTYPES = YES;
				CLANG_WARN_SUSPICIOUS_MOVE = YES;
				CLANG_WARN_UNGUARDED_AVAILABILITY = YES_AGGRESSIVE;
				CLANG_WARN_UNREACHABLE_CODE = YES;
				CLANG_WARN__DUPLICATE_METHOD_MATCH = YES;
				COPY_PHASE_STRIP = NO;
				DEBUG_INFORMATION_FORMAT = "dwarf-with-dsym";
				ENABLE_NS_ASSERTIONS = NO;
				ENABLE_STRICT_OBJC_MSGSEND = YES;
				GCC_C_LANGUAGE_STANDARD = gnu11;
				GCC_NO_COMMON_BLOCKS = YES;
				GCC_WARN_64_TO_32_BIT_CONVERSION = YES;
				GCC_WARN_ABOUT_RETURN_TYPE = YES_ERROR;
				GCC_WARN_UNDECLARED_SELECTOR = YES;
				GCC_WARN_UNINITIALIZED_AUTOS = YES_AGGRESSIVE;
				GCC_WARN_UNUSED_FUNCTION = YES;
				GCC_WARN_UNUSED_VARIABLE = YES;
				MACOSX_DEPLOYMENT_TARGET = 10.15;
				MTL_ENABLE_DEBUG_INFO = NO;
				MTL_FAST_MATH = YES;
				SDKROOT = macosx;
			};
			name = Release;
		};
		8771FB2325E687D800261FD7 /* Debug */ = {
			isa = XCBuildConfiguration;
			buildSettings = {
				CODE_SIGN_STYLE = Automatic;
				EXECUTABLE_PREFIX = lib;
				PRODUCT_NAME = "$(TARGET_NAME)";
				SKIP_INSTALL = YES;
			};
			name = Debug;
		};
		8771FB2425E687D800261FD7 /* Release */ = {
			isa = XCBuildConfiguration;
			buildSettings = {
				CODE_SIGN_STYLE = Automatic;
				EXECUTABLE_PREFIX = lib;
				PRODUCT_NAME = "$(TARGET_NAME)";
				SKIP_INSTALL = YES;
			};
			name = Release;
		};
/* End XCBuildConfiguration section */

/* Begin XCConfigurationList section */
		8771FB1425E687D800261FD7 /* Build configuration list for PBXProject "NET_static" */ = {
			isa = XCConfigurationList;
			buildConfigurations = (
				8771FB2025E687D800261FD7 /* Debug */,
				8771FB2125E687D800261FD7 /* Release */,
			);
			defaultConfigurationIsVisible = 0;
			defaultConfigurationName = Release;
		};
		8771FB2225E687D800261FD7 /* Build configuration list for PBXNativeTarget "NET_static" */ = {
			isa = XCConfigurationList;
			buildConfigurations = (
				8771FB2325E687D800261FD7 /* Debug */,
				8771FB2425E687D800261FD7 /* Release */,
			);
			defaultConfigurationIsVisible = 0;
			defaultConfigurationName = Release;
		};
/* End XCConfigurationList section */
	};
	rootObject = 8771FB1125E687D800261FD7 /* Project object */;
}
